
Microsoft Visual Studio Solution File, Format Version 12.00
# Visual Studio Version 17
VisualStudioVersion = 17.0.32126.317
MinimumVisualStudioVersion = 10.0.40219.1
Project("{FAE04EC0-301F-11D3-BF4B-00C04F79EFBC}") = "list_test", "list_test\list_test.csproj", "{3067B1E8-C6C8-4EC8-9CD5-94AFDE8DEA23}"
EndProject
Global
	GlobalSection(SolutionConfigurationPlatforms) = preSolution
		Debug|Any CPU = Debug|Any CPU
		Release|Any CPU = Release|Any CPU
	EndGlobalSection
	GlobalSection(ProjectConfigurationPlatforms) = postSolution
		{3067B1E8-C6C8-4EC8-9CD5-94AFDE8DEA23}.Debug|Any CPU.ActiveCfg = Debug|Any CPU
		{3067B1E8-C6C8-4EC8-9CD5-94AFDE8DEA23}.Debug|Any CPU.Build.0 = Debug|Any CPU
		{3067B1E8-C6C8-4EC8-9CD5-94AFDE8DEA23}.Release|Any CPU.ActiveCfg = Release|Any CPU
		{3067B1E8-C6C8-4EC8-9CD5-94AFDE8DEA23}.Release|Any CPU.Build.0 = Release|Any CPU
	EndGlobalSection
	GlobalSection(SolutionProperties) = preSolution
		HideSolutionNode = FALSE
	EndGlobalSection
	GlobalSection(ExtensibilityGlobals) = postSolution
		SolutionGuid = {39AD99F7-84E8-4E65-852A-400CC46FE138}
	EndGlobalSection
EndGlobal
